
Microsoft Visual Studio Solution File, Format Version 12.00
# Visual Studio Version 17
VisualStudioVersion = 17.11.35208.52
MinimumVisualStudioVersion = 10.0.40219.1
Project("{FAE04EC0-301F-11D3-BF4B-00C04F79EFBC}") = "ApiPreferencia", "ApiPreferencia\ApiPreferencia.csproj", "{9323F82A-0B94-4B8B-8F13-C9B637C20295}"
EndProject
Global
	GlobalSection(SolutionConfigurationPlatforms) = preSolution
		Debug|Any CPU = Debug|Any CPU
		Release|Any CPU = Release|Any CPU
	EndGlobalSection
	GlobalSection(ProjectConfigurationPlatforms) = postSolution
		{9323F82A-0B94-4B8B-8F13-C9B637C20295}.Debug|Any CPU.ActiveCfg = Debug|Any CPU
		{9323F82A-0B94-4B8B-8F13-C9B637C20295}.Debug|Any CPU.Build.0 = Debug|Any CPU
		{9323F82A-0B94-4B8B-8F13-C9B637C20295}.Release|Any CPU.ActiveCfg = Release|Any CPU
		{9323F82A-0B94-4B8B-8F13-C9B637C20295}.Release|Any CPU.Build.0 = Release|Any CPU
	EndGlobalSection
	GlobalSection(SolutionProperties) = preSolution
		HideSolutionNode = FALSE
	EndGlobalSection
	GlobalSection(ExtensibilityGlobals) = postSolution
		SolutionGuid = {64593A50-821C-464D-A8EE-BE9C7DAFD02C}
	EndGlobalSection
EndGlobal
